
Microsoft Visual Studio Solution File, Format Version 12.00
# Visual Studio Version 17
VisualStudioVersion = 17.9.34902.65
MinimumVisualStudioVersion = 10.0.40219.1
Project("{9A19103F-16F7-4668-BE54-9A1E7A4F7556}") = "DOU.GestionOT.App", "DOU.GestionOT.App\DOU.GestionOT.App.csproj", "{D96199CC-BB3F-498B-9F73-F11A24D816E9}"
EndProject
Project("{9A19103F-16F7-4668-BE54-9A1E7A4F7556}") = "DOU.GestionOT.WEBI", "DOU.GestionOT.WEBI\DOU.GestionOT.WEBI.csproj", "{EF347252-18A0-427C-8B46-901A0AF6486C}"
EndProject
Project("{9A19103F-16F7-4668-BE54-9A1E7A4F7556}") = "DOU.GestionOT.BL", "DOU.GestionOT.BL\DOU.GestionOT.BL.csproj", "{135C3B00-9AD9-4E36-979C-11DA3597D808}"
EndProject
Project("{9A19103F-16F7-4668-BE54-9A1E7A4F7556}") = "DOU.GestionOT.DAL", "DOU.GestionOT.DAL\DOU.GestionOT.DAL.csproj", "{B4C0E27C-EE0C-441D-9AC1-F561772D6A47}"
EndProject
Project("{9A19103F-16F7-4668-BE54-9A1E7A4F7556}") = "DOU.GestionOT.API", "DOU.GestionOT.API\DOU.GestionOT.API.csproj", "{0D530BC4-4371-4A21-B882-EC75980B1E41}"
EndProject
Project("{9A19103F-16F7-4668-BE54-9A1E7A4F7556}") = "DOU.GestionOT.App.Test2", "DOU.GestionOT.App.Test2\DOU.GestionOT.App.Test2.csproj", "{A8DD3E63-40DF-4178-9062-47D8511947DF}"
EndProject
Global
	GlobalSection(SolutionConfigurationPlatforms) = preSolution
		Debug|Any CPU = Debug|Any CPU
		Release|Any CPU = Release|Any CPU
	EndGlobalSection
	GlobalSection(ProjectConfigurationPlatforms) = postSolution
		{D96199CC-BB3F-498B-9F73-F11A24D816E9}.Debug|Any CPU.ActiveCfg = Debug|Any CPU
		{D96199CC-BB3F-498B-9F73-F11A24D816E9}.Debug|Any CPU.Build.0 = Debug|Any CPU
		{D96199CC-BB3F-498B-9F73-F11A24D816E9}.Debug|Any CPU.Deploy.0 = Debug|Any CPU
		{D96199CC-BB3F-498B-9F73-F11A24D816E9}.Release|Any CPU.ActiveCfg = Release|Any CPU
		{D96199CC-BB3F-498B-9F73-F11A24D816E9}.Release|Any CPU.Build.0 = Release|Any CPU
		{D96199CC-BB3F-498B-9F73-F11A24D816E9}.Release|Any CPU.Deploy.0 = Release|Any CPU
		{EF347252-18A0-427C-8B46-901A0AF6486C}.Debug|Any CPU.ActiveCfg = Debug|Any CPU
		{EF347252-18A0-427C-8B46-901A0AF6486C}.Debug|Any CPU.Build.0 = Debug|Any CPU
		{EF347252-18A0-427C-8B46-901A0AF6486C}.Release|Any CPU.ActiveCfg = Release|Any CPU
		{EF347252-18A0-427C-8B46-901A0AF6486C}.Release|Any CPU.Build.0 = Release|Any CPU
		{135C3B00-9AD9-4E36-979C-11DA3597D808}.Debug|Any CPU.ActiveCfg = Debug|Any CPU
		{135C3B00-9AD9-4E36-979C-11DA3597D808}.Debug|Any CPU.Build.0 = Debug|Any CPU
		{135C3B00-9AD9-4E36-979C-11DA3597D808}.Release|Any CPU.ActiveCfg = Release|Any CPU
		{135C3B00-9AD9-4E36-979C-11DA3597D808}.Release|Any CPU.Build.0 = Release|Any CPU
		{B4C0E27C-EE0C-441D-9AC1-F561772D6A47}.Debug|Any CPU.ActiveCfg = Debug|Any CPU
		{B4C0E27C-EE0C-441D-9AC1-F561772D6A47}.Debug|Any CPU.Build.0 = Debug|Any CPU
		{B4C0E27C-EE0C-441D-9AC1-F561772D6A47}.Release|Any CPU.ActiveCfg = Release|Any CPU
		{B4C0E27C-EE0C-441D-9AC1-F561772D6A47}.Release|Any CPU.Build.0 = Release|Any CPU
		{0D530BC4-4371-4A21-B882-EC75980B1E41}.Debug|Any CPU.ActiveCfg = Debug|Any CPU
		{0D530BC4-4371-4A21-B882-EC75980B1E41}.Debug|Any CPU.Build.0 = Debug|Any CPU
		{0D530BC4-4371-4A21-B882-EC75980B1E41}.Release|Any CPU.ActiveCfg = Release|Any CPU
		{0D530BC4-4371-4A21-B882-EC75980B1E41}.Release|Any CPU.Build.0 = Release|Any CPU
		{A8DD3E63-40DF-4178-9062-47D8511947DF}.Debug|Any CPU.ActiveCfg = Debug|Any CPU
		{A8DD3E63-40DF-4178-9062-47D8511947DF}.Debug|Any CPU.Build.0 = Debug|Any CPU
		{A8DD3E63-40DF-4178-9062-47D8511947DF}.Release|Any CPU.ActiveCfg = Release|Any CPU
		{A8DD3E63-40DF-4178-9062-47D8511947DF}.Release|Any CPU.Build.0 = Release|Any CPU
	EndGlobalSection
	GlobalSection(SolutionProperties) = preSolution
		HideSolutionNode = FALSE
	EndGlobalSection
	GlobalSection(ExtensibilityGlobals) = postSolution
		SolutionGuid = {0E01D900-3E90-4F4D-9259-1587877C6810}
	EndGlobalSection
EndGlobal
